// !$*UTF8*$!
{
	archiveVersion = 1;
	classes = {
	};
	objectVersion = 56;
	objects = {

/* Begin PBXBuildFile section */
		5063AE2F2E02A5BA009919BB /* showAppEcomApp.swift in Sources */ = {isa = PBXBuildFile; fileRef = 5063AE2E2E02A5BA009919BB /* showAppEcomApp.swift */; };
		5063AE312E02A5BA009919BB /* ContentView.swift in Sources */ = {isa = PBXBuildFile; fileRef = 5063AE302E02A5BA009919BB /* ContentView.swift */; };
		5063AE332E02A5BB009919BB /* Assets.xcassets in Resources */ = {isa = PBXBuildFile; fileRef = 5063AE322E02A5BB009919BB /* Assets.xcassets */; };
		5063AE372E02A5BB009919BB /* Preview Assets.xcassets in Resources */ = {isa = PBXBuildFile; fileRef = 5063AE362E02A5BB009919BB /* Preview Assets.xcassets */; };
		5063AE412E02A5BB009919BB /* showAppEcomTests.swift in Sources */ = {isa = PBXBuildFile; fileRef = 5063AE402E02A5BB009919BB /* showAppEcomTests.swift */; };
		5063AE4B2E02A5BB009919BB /* showAppEcomUITests.swift in Sources */ = {isa = PBXBuildFile; fileRef = 5063AE4A2E02A5BB009919BB /* showAppEcomUITests.swift */; };
		5063AE4D2E02A5BB009919BB /* showAppEcomUITestsLaunchTests.swift in Sources */ = {isa = PBXBuildFile; fileRef = 5063AE4C2E02A5BB009919BB /* showAppEcomUITestsLaunchTests.swift */; };
		5063AE5B2E030C48009919BB /* SplashView.swift in Sources */ = {isa = PBXBuildFile; fileRef = 5063AE5A2E030C48009919BB /* SplashView.swift */; };
		5063AE5D2E030C68009919BB /* SignInView.swift in Sources */ = {isa = PBXBuildFile; fileRef = 5063AE5C2E030C68009919BB /* SignInView.swift */; };
		508770842E04039F00F1F136 /* AppColors.swift in Sources */ = {isa = PBXBuildFile; fileRef = 508770832E04039F00F1F136 /* AppColors.swift */; };
		508770862E04095A00F1F136 /* Font+Extensions.swift in Sources */ = {isa = PBXBuildFile; fileRef = 508770852E04095A00F1F136 /* Font+Extensions.swift */; };
		5087708E2E040BDD00F1F136 /* AppConstants.swift in Sources */ = {isa = PBXBuildFile; fileRef = 5087708D2E040BDD00F1F136 /* AppConstants.swift */; };
		5087708F2E040DD400F1F136 /* AirbnbCereal_W_Bd.otf in Resources */ = {isa = PBXBuildFile; fileRef = 508770892E0409A100F1F136 /* AirbnbCereal_W_Bd.otf */; };
		508770902E040DD600F1F136 /* AirbnbCereal_W_Bk.otf in Resources */ = {isa = PBXBuildFile; fileRef = 508770872E0409A000F1F136 /* AirbnbCereal_W_Bk.otf */; };
		508770912E040DD900F1F136 /* AirbnbCereal_W_Blk.otf in Resources */ = {isa = PBXBuildFile; fileRef = 5087708B2E0409A100F1F136 /* AirbnbCereal_W_Blk.otf */; };
		508770922E040DDD00F1F136 /* AirbnbCereal_W_Lt.otf in Resources */ = {isa = PBXBuildFile; fileRef = 5087708C2E0409A100F1F136 /* AirbnbCereal_W_Lt.otf */; };
		508770932E040DDF00F1F136 /* AirbnbCereal_W_Md.otf in Resources */ = {isa = PBXBuildFile; fileRef = 5087708A2E0409A100F1F136 /* AirbnbCereal_W_Md.otf */; };
		508770942E040DE200F1F136 /* AirbnbCereal_W_XBd.otf in Resources */ = {isa = PBXBuildFile; fileRef = 508770882E0409A100F1F136 /* AirbnbCereal_W_XBd.otf */; };
		5098692E2E0322CB001700FB /* CustomInputField.swift in Sources */ = {isa = PBXBuildFile; fileRef = 5098692C2E0322CB001700FB /* CustomInputField.swift */; };
		509869302E0323C0001700FB /* CustomButton.swift in Sources */ = {isa = PBXBuildFile; fileRef = 5098692B2E0322CB001700FB /* CustomButton.swift */; };
/* End PBXBuildFile section */

/* Begin PBXContainerItemProxy section */
		5063AE3D2E02A5BB009919BB /* PBXContainerItemProxy */ = {
			isa = PBXContainerItemProxy;
			containerPortal = 5063AE232E02A5BA009919BB /* Project object */;
			proxyType = 1;
			remoteGlobalIDString = 5063AE2A2E02A5BA009919BB;
			remoteInfo = showAppEcom;
		};
		5063AE472E02A5BB009919BB /* PBXContainerItemProxy */ = {
			isa = PBXContainerItemProxy;
			containerPortal = 5063AE232E02A5BA009919BB /* Project object */;
			proxyType = 1;
			remoteGlobalIDString = 5063AE2A2E02A5BA009919BB;
			remoteInfo = showAppEcom;
		};
/* End PBXContainerItemProxy section */

/* Begin PBXFileReference section */
		5063AE2B2E02A5BA009919BB /* showAppEcom.app */ = {isa = PBXFileReference; explicitFileType = wrapper.application; includeInIndex = 0; path = showAppEcom.app; sourceTree = BUILT_PRODUCTS_DIR; };
		5063AE2E2E02A5BA009919BB /* showAppEcomApp.swift */ = {isa = PBXFileReference; lastKnownFileType = sourcecode.swift; path = showAppEcomApp.swift; sourceTree = "<group>"; };
		5063AE302E02A5BA009919BB /* ContentView.swift */ = {isa = PBXFileReference; lastKnownFileType = sourcecode.swift; path = ContentView.swift; sourceTree = "<group>"; };
		5063AE322E02A5BB009919BB /* Assets.xcassets */ = {isa = PBXFileReference; lastKnownFileType = folder.assetcatalog; path = Assets.xcassets; sourceTree = "<group>"; };
		5063AE342E02A5BB009919BB /* showAppEcom.entitlements */ = {isa = PBXFileReference; lastKnownFileType = text.plist.entitlements; path = showAppEcom.entitlements; sourceTree = "<group>"; };
		5063AE362E02A5BB009919BB /* Preview Assets.xcassets */ = {isa = PBXFileReference; lastKnownFileType = folder.assetcatalog; path = "Preview Assets.xcassets"; sourceTree = "<group>"; };
		5063AE3C2E02A5BB009919BB /* showAppEcomTests.xctest */ = {isa = PBXFileReference; explicitFileType = wrapper.cfbundle; includeInIndex = 0; path = showAppEcomTests.xctest; sourceTree = BUILT_PRODUCTS_DIR; };
		5063AE402E02A5BB009919BB /* showAppEcomTests.swift */ = {isa = PBXFileReference; lastKnownFileType = sourcecode.swift; path = showAppEcomTests.swift; sourceTree = "<group>"; };
		5063AE462E02A5BB009919BB /* showAppEcomUITests.xctest */ = {isa = PBXFileReference; explicitFileType = wrapper.cfbundle; includeInIndex = 0; path = showAppEcomUITests.xctest; sourceTree = BUILT_PRODUCTS_DIR; };
		5063AE4A2E02A5BB009919BB /* showAppEcomUITests.swift */ = {isa = PBXFileReference; lastKnownFileType = sourcecode.swift; path = showAppEcomUITests.swift; sourceTree = "<group>"; };
		5063AE4C2E02A5BB009919BB /* showAppEcomUITestsLaunchTests.swift */ = {isa = PBXFileReference; lastKnownFileType = sourcecode.swift; path = showAppEcomUITestsLaunchTests.swift; sourceTree = "<group>"; };
		5063AE592E02A961009919BB /* Info.plist */ = {isa = PBXFileReference; lastKnownFileType = text.plist; path = Info.plist; sourceTree = "<group>"; };
		5063AE5A2E030C48009919BB /* SplashView.swift */ = {isa = PBXFileReference; fileEncoding = 4; lastKnownFileType = sourcecode.swift; path = SplashView.swift; sourceTree = "<group>"; };
		5063AE5C2E030C68009919BB /* SignInView.swift */ = {isa = PBXFileReference; fileEncoding = 4; lastKnownFileType = sourcecode.swift; path = SignInView.swift; sourceTree = "<group>"; };
		508770832E04039F00F1F136 /* AppColors.swift */ = {isa = PBXFileReference; lastKnownFileType = sourcecode.swift; path = AppColors.swift; sourceTree = "<group>"; };
		508770852E04095A00F1F136 /* Font+Extensions.swift */ = {isa = PBXFileReference; lastKnownFileType = sourcecode.swift; path = "Font+Extensions.swift"; sourceTree = "<group>"; };
		508770872E0409A000F1F136 /* AirbnbCereal_W_Bk.otf */ = {isa = PBXFileReference; lastKnownFileType = file; path = AirbnbCereal_W_Bk.otf; sourceTree = "<group>"; };
		508770882E0409A100F1F136 /* AirbnbCereal_W_XBd.otf */ = {isa = PBXFileReference; lastKnownFileType = file; path = AirbnbCereal_W_XBd.otf; sourceTree = "<group>"; };
		508770892E0409A100F1F136 /* AirbnbCereal_W_Bd.otf */ = {isa = PBXFileReference; lastKnownFileType = file; path = AirbnbCereal_W_Bd.otf; sourceTree = "<group>"; };
		5087708A2E0409A100F1F136 /* AirbnbCereal_W_Md.otf */ = {isa = PBXFileReference; lastKnownFileType = file; path = AirbnbCereal_W_Md.otf; sourceTree = "<group>"; };
		5087708B2E0409A100F1F136 /* AirbnbCereal_W_Blk.otf */ = {isa = PBXFileReference; lastKnownFileType = file; path = AirbnbCereal_W_Blk.otf; sourceTree = "<group>"; };
		5087708C2E0409A100F1F136 /* AirbnbCereal_W_Lt.otf */ = {isa = PBXFileReference; lastKnownFileType = file; path = AirbnbCereal_W_Lt.otf; sourceTree = "<group>"; };
		5087708D2E040BDD00F1F136 /* AppConstants.swift */ = {isa = PBXFileReference; lastKnownFileType = sourcecode.swift; path = AppConstants.swift; sourceTree = "<group>"; };
		5098692B2E0322CB001700FB /* CustomButton.swift */ = {isa = PBXFileReference; fileEncoding = 4; lastKnownFileType = sourcecode.swift; path = CustomButton.swift; sourceTree = "<group>"; };
		5098692C2E0322CB001700FB /* CustomInputField.swift */ = {isa = PBXFileReference; fileEncoding = 4; lastKnownFileType = sourcecode.swift; path = CustomInputField.swift; sourceTree = "<group>"; };
/* End PBXFileReference section */

/* Begin PBXFrameworksBuildPhase section */
		5063AE282E02A5BA009919BB /* Frameworks */ = {
			isa = PBXFrameworksBuildPhase;
			buildActionMask = 2147483647;
			files = (
			);
			runOnlyForDeploymentPostprocessing = 0;
		};
		5063AE392E02A5BB009919BB /* Frameworks */ = {
			isa = PBXFrameworksBuildPhase;
			buildActionMask = 2147483647;
			files = (
			);
			runOnlyForDeploymentPostprocessing = 0;
		};
		5063AE432E02A5BB009919BB /* Frameworks */ = {
			isa = PBXFrameworksBuildPhase;
			buildActionMask = 2147483647;
			files = (
			);
			runOnlyForDeploymentPostprocessing = 0;
		};
/* End PBXFrameworksBuildPhase section */

/* Begin PBXGroup section */
		5063AE222E02A5BA009919BB = {
			isa = PBXGroup;
			children = (
				5063AE2D2E02A5BA009919BB /* showAppEcom */,
				5063AE3F2E02A5BB009919BB /* showAppEcomTests */,
				5063AE492E02A5BB009919BB /* showAppEcomUITests */,
				5063AE2C2E02A5BA009919BB /* Products */,
			);
			sourceTree = "<group>";
		};
		5063AE2C2E02A5BA009919BB /* Products */ = {
			isa = PBXGroup;
			children = (
				5063AE2B2E02A5BA009919BB /* showAppEcom.app */,
				5063AE3C2E02A5BB009919BB /* showAppEcomTests.xctest */,
				5063AE462E02A5BB009919BB /* showAppEcomUITests.xctest */,
			);
			name = Products;
			sourceTree = "<group>";
		};
		5063AE2D2E02A5BA009919BB /* showAppEcom */ = {
			isa = PBXGroup;
			children = (
				508770822E04038D00F1F136 /* Resources */,
				509869312E03259D001700FB /* Fonts */,
				5098692F2E03233E001700FB /* Components */,
				5063AE592E02A961009919BB /* Info.plist */,
				5063AE2E2E02A5BA009919BB /* showAppEcomApp.swift */,
				5063AE5A2E030C48009919BB /* SplashView.swift */,
				5063AE5C2E030C68009919BB /* SignInView.swift */,
				5063AE302E02A5BA009919BB /* ContentView.swift */,
				5063AE322E02A5BB009919BB /* Assets.xcassets */,
				5063AE342E02A5BB009919BB /* showAppEcom.entitlements */,
				5063AE352E02A5BB009919BB /* Preview Content */,
			);
			path = showAppEcom;
			sourceTree = "<group>";
		};
		5063AE352E02A5BB009919BB /* Preview Content */ = {
			isa = PBXGroup;
			children = (
				5063AE362E02A5BB009919BB /* Preview Assets.xcassets */,
			);
			path = "Preview Content";
			sourceTree = "<group>";
		};
		5063AE3F2E02A5BB009919BB /* showAppEcomTests */ = {
			isa = PBXGroup;
			children = (
				5063AE402E02A5BB009919BB /* showAppEcomTests.swift */,
			);
			path = showAppEcomTests;
			sourceTree = "<group>";
		};
		5063AE492E02A5BB009919BB /* showAppEcomUITests */ = {
			isa = PBXGroup;
			children = (
				5063AE4A2E02A5BB009919BB /* showAppEcomUITests.swift */,
				5063AE4C2E02A5BB009919BB /* showAppEcomUITestsLaunchTests.swift */,
			);
			path = showAppEcomUITests;
			sourceTree = "<group>";
		};
		508770822E04038D00F1F136 /* Resources */ = {
			isa = PBXGroup;
			children = (
				508770832E04039F00F1F136 /* AppColors.swift */,
				5087708D2E040BDD00F1F136 /* AppConstants.swift */,
			);
			path = Resources;
			sourceTree = "<group>";
		};
		5098692F2E03233E001700FB /* Components */ = {
			isa = PBXGroup;
			children = (
				5098692B2E0322CB001700FB /* CustomButton.swift */,
				5098692C2E0322CB001700FB /* CustomInputField.swift */,
			);
			path = Components;
			sourceTree = "<group>";
		};
		509869312E03259D001700FB /* Fonts */ = {
			isa = PBXGroup;
			children = (
				508770892E0409A100F1F136 /* AirbnbCereal_W_Bd.otf */,
				508770872E0409A000F1F136 /* AirbnbCereal_W_Bk.otf */,
				5087708B2E0409A100F1F136 /* AirbnbCereal_W_Blk.otf */,
				5087708C2E0409A100F1F136 /* AirbnbCereal_W_Lt.otf */,
				5087708A2E0409A100F1F136 /* AirbnbCereal_W_Md.otf */,
				508770882E0409A100F1F136 /* AirbnbCereal_W_XBd.otf */,
				508770852E04095A00F1F136 /* Font+Extensions.swift */,
			);
			path = Fonts;
			sourceTree = "<group>";
		};
/* End PBXGroup section */

/* Begin PBXNativeTarget section */
		5063AE2A2E02A5BA009919BB /* showAppEcom */ = {
			isa = PBXNativeTarget;
			buildConfigurationList = 5063AE502E02A5BB009919BB /* Build configuration list for PBXNativeTarget "showAppEcom" */;
			buildPhases = (
				5063AE272E02A5BA009919BB /* Sources */,
				5063AE282E02A5BA009919BB /* Frameworks */,
				5063AE292E02A5BA009919BB /* Resources */,
			);
			buildRules = (
			);
			dependencies = (
			);
			name = showAppEcom;
			productName = showAppEcom;
			productReference = 5063AE2B2E02A5BA009919BB /* showAppEcom.app */;
			productType = "com.apple.product-type.application";
		};
		5063AE3B2E02A5BB009919BB /* showAppEcomTests */ = {
			isa = PBXNativeTarget;
			buildConfigurationList = 5063AE532E02A5BB009919BB /* Build configuration list for PBXNativeTarget "showAppEcomTests" */;
			buildPhases = (
				5063AE382E02A5BB009919BB /* Sources */,
				5063AE392E02A5BB009919BB /* Frameworks */,
				5063AE3A2E02A5BB009919BB /* Resources */,
			);
			buildRules = (
			);
			dependencies = (
				5063AE3E2E02A5BB009919BB /* PBXTargetDependency */,
			);
			name = showAppEcomTests;
			productName = showAppEcomTests;
			productReference = 5063AE3C2E02A5BB009919BB /* showAppEcomTests.xctest */;
			productType = "com.apple.product-type.bundle.unit-test";
		};
		5063AE452E02A5BB009919BB /* showAppEcomUITests */ = {
			isa = PBXNativeTarget;
			buildConfigurationList = 5063AE562E02A5BB009919BB /* Build configuration list for PBXNativeTarget "showAppEcomUITests" */;
			buildPhases = (
				5063AE422E02A5BB009919BB /* Sources */,
				5063AE432E02A5BB009919BB /* Frameworks */,
				5063AE442E02A5BB009919BB /* Resources */,
			);
			buildRules = (
			);
			dependencies = (
				5063AE482E02A5BB009919BB /* PBXTargetDependency */,
			);
			name = showAppEcomUITests;
			productName = showAppEcomUITests;
			productReference = 5063AE462E02A5BB009919BB /* showAppEcomUITests.xctest */;
			productType = "com.apple.product-type.bundle.ui-testing";
		};
/* End PBXNativeTarget section */

/* Begin PBXProject section */
		5063AE232E02A5BA009919BB /* Project object */ = {
			isa = PBXProject;
			attributes = {
				BuildIndependentTargetsInParallel = 1;
				LastSwiftUpdateCheck = 1430;
				LastUpgradeCheck = 1430;
				TargetAttributes = {
					5063AE2A2E02A5BA009919BB = {
						CreatedOnToolsVersion = 14.3.1;
					};
					5063AE3B2E02A5BB009919BB = {
						CreatedOnToolsVersion = 14.3.1;
						TestTargetID = 5063AE2A2E02A5BA009919BB;
					};
					5063AE452E02A5BB009919BB = {
						CreatedOnToolsVersion = 14.3.1;
						TestTargetID = 5063AE2A2E02A5BA009919BB;
					};
				};
			};
			buildConfigurationList = 5063AE262E02A5BA009919BB /* Build configuration list for PBXProject "showAppEcom" */;
			compatibilityVersion = "Xcode 14.0";
			developmentRegion = en;
			hasScannedForEncodings = 0;
			knownRegions = (
				en,
				Base,
			);
			mainGroup = 5063AE222E02A5BA009919BB;
			productRefGroup = 5063AE2C2E02A5BA009919BB /* Products */;
			projectDirPath = "";
			projectRoot = "";
			targets = (
				5063AE2A2E02A5BA009919BB /* showAppEcom */,
				5063AE3B2E02A5BB009919BB /* showAppEcomTests */,
				5063AE452E02A5BB009919BB /* showAppEcomUITests */,
			);
		};
/* End PBXProject section */

/* Begin PBXResourcesBuildPhase section */
		5063AE292E02A5BA009919BB /* Resources */ = {
			isa = PBXResourcesBuildPhase;
			buildActionMask = 2147483647;
			files = (
				508770902E040DD600F1F136 /* AirbnbCereal_W_Bk.otf in Resources */,
				508770932E040DDF00F1F136 /* AirbnbCereal_W_Md.otf in Resources */,
				508770942E040DE200F1F136 /* AirbnbCereal_W_XBd.otf in Resources */,
				5087708F2E040DD400F1F136 /* AirbnbCereal_W_Bd.otf in Resources */,
				5063AE372E02A5BB009919BB /* Preview Assets.xcassets in Resources */,
				508770922E040DDD00F1F136 /* AirbnbCereal_W_Lt.otf in Resources */,
				5063AE332E02A5BB009919BB /* Assets.xcassets in Resources */,
				508770912E040DD900F1F136 /* AirbnbCereal_W_Blk.otf in Resources */,
			);
			runOnlyForDeploymentPostprocessing = 0;
		};
		5063AE3A2E02A5BB009919BB /* Resources */ = {
			isa = PBXResourcesBuildPhase;
			buildActionMask = 2147483647;
			files = (
			);
			runOnlyForDeploymentPostprocessing = 0;
		};
		5063AE442E02A5BB009919BB /* Resources */ = {
			isa = PBXResourcesBuildPhase;
			buildActionMask = 2147483647;
			files = (
			);
			runOnlyForDeploymentPostprocessing = 0;
		};
/* End PBXResourcesBuildPhase section */

/* Begin PBXSourcesBuildPhase section */
		5063AE272E02A5BA009919BB /* Sources */ = {
			isa = PBXSourcesBuildPhase;
			buildActionMask = 2147483647;
			files = (
				5063AE312E02A5BA009919BB /* ContentView.swift in Sources */,
				5087708E2E040BDD00F1F136 /* AppConstants.swift in Sources */,
				5063AE2F2E02A5BA009919BB /* showAppEcomApp.swift in Sources */,
				508770862E04095A00F1F136 /* Font+Extensions.swift in Sources */,
				509869302E0323C0001700FB /* CustomButton.swift in Sources */,
				5063AE5D2E030C68009919BB /* SignInView.swift in Sources */,
				508770842E04039F00F1F136 /* AppColors.swift in Sources */,
				5063AE5B2E030C48009919BB /* SplashView.swift in Sources */,
				5098692E2E0322CB001700FB /* CustomInputField.swift in Sources */,
			);
			runOnlyForDeploymentPostprocessing = 0;
		};
		5063AE382E02A5BB009919BB /* Sources */ = {
			isa = PBXSourcesBuildPhase;
			buildActionMask = 2147483647;
			files = (
				5063AE412E02A5BB009919BB /* showAppEcomTests.swift in Sources */,
			);
			runOnlyForDeploymentPostprocessing = 0;
		};
		5063AE422E02A5BB009919BB /* Sources */ = {
			isa = PBXSourcesBuildPhase;
			buildActionMask = 2147483647;
			files = (
				5063AE4B2E02A5BB009919BB /* showAppEcomUITests.swift in Sources */,
				5063AE4D2E02A5BB009919BB /* showAppEcomUITestsLaunchTests.swift in Sources */,
			);
			runOnlyForDeploymentPostprocessing = 0;
		};
/* End PBXSourcesBuildPhase section */

/* Begin PBXTargetDependency section */
		5063AE3E2E02A5BB009919BB /* PBXTargetDependency */ = {
			isa = PBXTargetDependency;
			target = 5063AE2A2E02A5BA009919BB /* showAppEcom */;
			targetProxy = 5063AE3D2E02A5BB009919BB /* PBXContainerItemProxy */;
		};
		5063AE482E02A5BB009919BB /* PBXTargetDependency */ = {
			isa = PBXTargetDependency;
			target = 5063AE2A2E02A5BA009919BB /* showAppEcom */;
			targetProxy = 5063AE472E02A5BB009919BB /* PBXContainerItemProxy */;
		};
/* End PBXTargetDependency section */

/* Begin XCBuildConfiguration section */
		5063AE4E2E02A5BB009919BB /* Debug */ = {
			isa = XCBuildConfiguration;
			buildSettings = {
				ALWAYS_SEARCH_USER_PATHS = NO;
				CLANG_ANALYZER_NONNULL = YES;
				CLANG_ANALYZER_NUMBER_OBJECT_CONVERSION = YES_AGGRESSIVE;
				CLANG_CXX_LANGUAGE_STANDARD = "gnu++20";
				CLANG_ENABLE_MODULES = YES;
				CLANG_ENABLE_OBJC_ARC = YES;
				CLANG_ENABLE_OBJC_WEAK = YES;
				CLANG_WARN_BLOCK_CAPTURE_AUTORELEASING = YES;
				CLANG_WARN_BOOL_CONVERSION = YES;
				CLANG_WARN_COMMA = YES;
				CLANG_WARN_CONSTANT_CONVERSION = YES;
				CLANG_WARN_DEPRECATED_OBJC_IMPLEMENTATIONS = YES;
				CLANG_WARN_DIRECT_OBJC_ISA_USAGE = YES_ERROR;
				CLANG_WARN_DOCUMENTATION_COMMENTS = YES;
				CLANG_WARN_EMPTY_BODY = YES;
				CLANG_WARN_ENUM_CONVERSION = YES;
				CLANG_WARN_INFINITE_RECURSION = YES;
				CLANG_WARN_INT_CONVERSION = YES;
				CLANG_WARN_NON_LITERAL_NULL_CONVERSION = YES;
				CLANG_WARN_OBJC_IMPLICIT_RETAIN_SELF = YES;
				CLANG_WARN_OBJC_LITERAL_CONVERSION = YES;
				CLANG_WARN_OBJC_ROOT_CLASS = YES_ERROR;
				CLANG_WARN_QUOTED_INCLUDE_IN_FRAMEWORK_HEADER = YES;
				CLANG_WARN_RANGE_LOOP_ANALYSIS = YES;
				CLANG_WARN_STRICT_PROTOTYPES = YES;
				CLANG_WARN_SUSPICIOUS_MOVE = YES;
				CLANG_WARN_UNGUARDED_AVAILABILITY = YES_AGGRESSIVE;
				CLANG_WARN_UNREACHABLE_CODE = YES;
				CLANG_WARN__DUPLICATE_METHOD_MATCH = YES;
				COPY_PHASE_STRIP = NO;
				DEBUG_INFORMATION_FORMAT = dwarf;
				ENABLE_STRICT_OBJC_MSGSEND = YES;
				ENABLE_TESTABILITY = YES;
				GCC_C_LANGUAGE_STANDARD = gnu11;
				GCC_DYNAMIC_NO_PIC = NO;
				GCC_NO_COMMON_BLOCKS = YES;
				GCC_OPTIMIZATION_LEVEL = 0;
				GCC_PREPROCESSOR_DEFINITIONS = (
					"DEBUG=1",
					"$(inherited)",
				);
				GCC_WARN_64_TO_32_BIT_CONVERSION = YES;
				GCC_WARN_ABOUT_RETURN_TYPE = YES_ERROR;
				GCC_WARN_UNDECLARED_SELECTOR = YES;
				GCC_WARN_UNINITIALIZED_AUTOS = YES_AGGRESSIVE;
				GCC_WARN_UNUSED_FUNCTION = YES;
				GCC_WARN_UNUSED_VARIABLE = YES;
				MTL_ENABLE_DEBUG_INFO = INCLUDE_SOURCE;
				MTL_FAST_MATH = YES;
				ONLY_ACTIVE_ARCH = YES;
				SWIFT_ACTIVE_COMPILATION_CONDITIONS = DEBUG;
				SWIFT_OPTIMIZATION_LEVEL = "-Onone";
			};
			name = Debug;
		};
		5063AE4F2E02A5BB009919BB /* Release */ = {
			isa = XCBuildConfiguration;
			buildSettings = {
				ALWAYS_SEARCH_USER_PATHS = NO;
				CLANG_ANALYZER_NONNULL = YES;
				CLANG_ANALYZER_NUMBER_OBJECT_CONVERSION = YES_AGGRESSIVE;
				CLANG_CXX_LANGUAGE_STANDARD = "gnu++20";
				CLANG_ENABLE_MODULES = YES;
				CLANG_ENABLE_OBJC_ARC = YES;
				CLANG_ENABLE_OBJC_WEAK = YES;
				CLANG_WARN_BLOCK_CAPTURE_AUTORELEASING = YES;
				CLANG_WARN_BOOL_CONVERSION = YES;
				CLANG_WARN_COMMA = YES;
				CLANG_WARN_CONSTANT_CONVERSION = YES;
				CLANG_WARN_DEPRECATED_OBJC_IMPLEMENTATIONS = YES;
				CLANG_WARN_DIRECT_OBJC_ISA_USAGE = YES_ERROR;
				CLANG_WARN_DOCUMENTATION_COMMENTS = YES;
				CLANG_WARN_EMPTY_BODY = YES;
				CLANG_WARN_ENUM_CONVERSION = YES;
				CLANG_WARN_INFINITE_RECURSION = YES;
				CLANG_WARN_INT_CONVERSION = YES;
				CLANG_WARN_NON_LITERAL_NULL_CONVERSION = YES;
				CLANG_WARN_OBJC_IMPLICIT_RETAIN_SELF = YES;
				CLANG_WARN_OBJC_LITERAL_CONVERSION = YES;
				CLANG_WARN_OBJC_ROOT_CLASS = YES_ERROR;
				CLANG_WARN_QUOTED_INCLUDE_IN_FRAMEWORK_HEADER = YES;
				CLANG_WARN_RANGE_LOOP_ANALYSIS = YES;
				CLANG_WARN_STRICT_PROTOTYPES = YES;
				CLANG_WARN_SUSPICIOUS_MOVE = YES;
				CLANG_WARN_UNGUARDED_AVAILABILITY = YES_AGGRESSIVE;
				CLANG_WARN_UNREACHABLE_CODE = YES;
				CLANG_WARN__DUPLICATE_METHOD_MATCH = YES;
				COPY_PHASE_STRIP = NO;
				DEBUG_INFORMATION_FORMAT = "dwarf-with-dsym";
				ENABLE_NS_ASSERTIONS = NO;
				ENABLE_STRICT_OBJC_MSGSEND = YES;
				GCC_C_LANGUAGE_STANDARD = gnu11;
				GCC_NO_COMMON_BLOCKS = YES;
				GCC_WARN_64_TO_32_BIT_CONVERSION = YES;
				GCC_WARN_ABOUT_RETURN_TYPE = YES_ERROR;
				GCC_WARN_UNDECLARED_SELECTOR = YES;
				GCC_WARN_UNINITIALIZED_AUTOS = YES_AGGRESSIVE;
				GCC_WARN_UNUSED_FUNCTION = YES;
				GCC_WARN_UNUSED_VARIABLE = YES;
				MTL_ENABLE_DEBUG_INFO = NO;
				MTL_FAST_MATH = YES;
				SWIFT_COMPILATION_MODE = wholemodule;
				SWIFT_OPTIMIZATION_LEVEL = "-O";
			};
			name = Release;
		};
		5063AE512E02A5BB009919BB /* Debug */ = {
			isa = XCBuildConfiguration;
			buildSettings = {
				ASSETCATALOG_COMPILER_APPICON_NAME = AppIcon;
				ASSETCATALOG_COMPILER_GLOBAL_ACCENT_COLOR_NAME = AccentColor;
				CODE_SIGN_ENTITLEMENTS = showAppEcom/showAppEcom.entitlements;
				CODE_SIGN_STYLE = Automatic;
				CURRENT_PROJECT_VERSION = 1;
				DEVELOPMENT_ASSET_PATHS = "\"showAppEcom/Preview Content\"";
				DEVELOPMENT_TEAM = ZMY54M5YWT;
				ENABLE_HARDENED_RUNTIME = YES;
				ENABLE_PREVIEWS = YES;
				GENERATE_INFOPLIST_FILE = YES;
				INFOPLIST_FILE = showAppEcom/Info.plist;
				INFOPLIST_KEY_LSApplicationCategoryType = "";
				"INFOPLIST_KEY_UIApplicationSceneManifest_Generation[sdk=iphoneos*]" = YES;
				"INFOPLIST_KEY_UIApplicationSceneManifest_Generation[sdk=iphonesimulator*]" = YES;
				"INFOPLIST_KEY_UIApplicationSupportsIndirectInputEvents[sdk=iphoneos*]" = YES;
				"INFOPLIST_KEY_UIApplicationSupportsIndirectInputEvents[sdk=iphonesimulator*]" = YES;
				"INFOPLIST_KEY_UILaunchScreen_Generation[sdk=iphoneos*]" = YES;
				"INFOPLIST_KEY_UILaunchScreen_Generation[sdk=iphonesimulator*]" = YES;
				"INFOPLIST_KEY_UIStatusBarStyle[sdk=iphoneos*]" = UIStatusBarStyleDefault;
				"INFOPLIST_KEY_UIStatusBarStyle[sdk=iphonesimulator*]" = UIStatusBarStyleDefault;
				INFOPLIST_KEY_UISupportedInterfaceOrientations_iPad = "UIInterfaceOrientationPortrait UIInterfaceOrientationPortraitUpsideDown UIInterfaceOrientationLandscapeLeft UIInterfaceOrientationLandscapeRight";
				INFOPLIST_KEY_UISupportedInterfaceOrientations_iPhone = "UIInterfaceOrientationPortrait UIInterfaceOrientationLandscapeLeft UIInterfaceOrientationLandscapeRight";
				IPHONEOS_DEPLOYMENT_TARGET = 16.4;
				LD_RUNPATH_SEARCH_PATHS = "@executable_path/Frameworks";
				"LD_RUNPATH_SEARCH_PATHS[sdk=macosx*]" = "@executable_path/../Frameworks";
				MACOSX_DEPLOYMENT_TARGET = 13.2;
				MARKETING_VERSION = 1.0;
				PRODUCT_BUNDLE_IDENTIFIER = com.taimoor.showAppEcom;
				PRODUCT_NAME = "$(TARGET_NAME)";
				SDKROOT = auto;
				SUPPORTED_PLATFORMS = "iphoneos iphonesimulator macosx";
				SWIFT_EMIT_LOC_STRINGS = YES;
				SWIFT_VERSION = 5.0;
				TARGETED_DEVICE_FAMILY = "1,2";
			};
			name = Debug;
		};
		5063AE522E02A5BB009919BB /* Release */ = {
			isa = XCBuildConfiguration;
			buildSettings = {
				ASSETCATALOG_COMPILER_APPICON_NAME = AppIcon;
				ASSETCATALOG_COMPILER_GLOBAL_ACCENT_COLOR_NAME = AccentColor;
				CODE_SIGN_ENTITLEMENTS = showAppEcom/showAppEcom.entitlements;
				CODE_SIGN_STYLE = Automatic;
				CURRENT_PROJECT_VERSION = 1;
				DEVELOPMENT_ASSET_PATHS = "\"showAppEcom/Preview Content\"";
				DEVELOPMENT_TEAM = ZMY54M5YWT;
				ENABLE_HARDENED_RUNTIME = YES;
				ENABLE_PREVIEWS = YES;
				GENERATE_INFOPLIST_FILE = YES;
				INFOPLIST_FILE = showAppEcom/Info.plist;
				INFOPLIST_KEY_LSApplicationCategoryType = "";
				"INFOPLIST_KEY_UIApplicationSceneManifest_Generation[sdk=iphoneos*]" = YES;
				"INFOPLIST_KEY_UIApplicationSceneManifest_Generation[sdk=iphonesimulator*]" = YES;
				"INFOPLIST_KEY_UIApplicationSupportsIndirectInputEvents[sdk=iphoneos*]" = YES;
				"INFOPLIST_KEY_UIApplicationSupportsIndirectInputEvents[sdk=iphonesimulator*]" = YES;
				"INFOPLIST_KEY_UILaunchScreen_Generation[sdk=iphoneos*]" = YES;
				"INFOPLIST_KEY_UILaunchScreen_Generation[sdk=iphonesimulator*]" = YES;
				"INFOPLIST_KEY_UIStatusBarStyle[sdk=iphoneos*]" = UIStatusBarStyleDefault;
				"INFOPLIST_KEY_UIStatusBarStyle[sdk=iphonesimulator*]" = UIStatusBarStyleDefault;
				INFOPLIST_KEY_UISupportedInterfaceOrientations_iPad = "UIInterfaceOrientationPortrait UIInterfaceOrientationPortraitUpsideDown UIInterfaceOrientationLandscapeLeft UIInterfaceOrientationLandscapeRight";
				INFOPLIST_KEY_UISupportedInterfaceOrientations_iPhone = "UIInterfaceOrientationPortrait UIInterfaceOrientationLandscapeLeft UIInterfaceOrientationLandscapeRight";
				IPHONEOS_DEPLOYMENT_TARGET = 16.4;
				LD_RUNPATH_SEARCH_PATHS = "@executable_path/Frameworks";
				"LD_RUNPATH_SEARCH_PATHS[sdk=macosx*]" = "@executable_path/../Frameworks";
				MACOSX_DEPLOYMENT_TARGET = 13.2;
				MARKETING_VERSION = 1.0;
				PRODUCT_BUNDLE_IDENTIFIER = com.taimoor.showAppEcom;
				PRODUCT_NAME = "$(TARGET_NAME)";
				SDKROOT = auto;
				SUPPORTED_PLATFORMS = "iphoneos iphonesimulator macosx";
				SWIFT_EMIT_LOC_STRINGS = YES;
				SWIFT_VERSION = 5.0;
				TARGETED_DEVICE_FAMILY = "1,2";
			};
			name = Release;
		};
		5063AE542E02A5BB009919BB /* Debug */ = {
			isa = XCBuildConfiguration;
			buildSettings = {
				ALWAYS_EMBED_SWIFT_STANDARD_LIBRARIES = YES;
				BUNDLE_LOADER = "$(TEST_HOST)";
				CODE_SIGN_STYLE = Automatic;
				CURRENT_PROJECT_VERSION = 1;
				DEVELOPMENT_TEAM = ZMY54M5YWT;
				GENERATE_INFOPLIST_FILE = YES;
				IPHONEOS_DEPLOYMENT_TARGET = 16.4;
				MACOSX_DEPLOYMENT_TARGET = 13.2;
				MARKETING_VERSION = 1.0;
				PRODUCT_BUNDLE_IDENTIFIER = com.taimoor.showAppEcomTests;
				PRODUCT_NAME = "$(TARGET_NAME)";
				SDKROOT = auto;
				SUPPORTED_PLATFORMS = "iphoneos iphonesimulator macosx";
				SWIFT_EMIT_LOC_STRINGS = NO;
				SWIFT_VERSION = 5.0;
				TARGETED_DEVICE_FAMILY = "1,2";
				TEST_HOST = "$(BUILT_PRODUCTS_DIR)/showAppEcom.app/$(BUNDLE_EXECUTABLE_FOLDER_PATH)/showAppEcom";
			};
			name = Debug;
		};
		5063AE552E02A5BB009919BB /* Release */ = {
			isa = XCBuildConfiguration;
			buildSettings = {
				ALWAYS_EMBED_SWIFT_STANDARD_LIBRARIES = YES;
				BUNDLE_LOADER = "$(TEST_HOST)";
				CODE_SIGN_STYLE = Automatic;
				CURRENT_PROJECT_VERSION = 1;
				DEVELOPMENT_TEAM = ZMY54M5YWT;
				GENERATE_INFOPLIST_FILE = YES;
				IPHONEOS_DEPLOYMENT_TARGET = 16.4;
				MACOSX_DEPLOYMENT_TARGET = 13.2;
				MARKETING_VERSION = 1.0;
				PRODUCT_BUNDLE_IDENTIFIER = com.taimoor.showAppEcomTests;
				PRODUCT_NAME = "$(TARGET_NAME)";
				SDKROOT = auto;
				SUPPORTED_PLATFORMS = "iphoneos iphonesimulator macosx";
				SWIFT_EMIT_LOC_STRINGS = NO;
				SWIFT_VERSION = 5.0;
				TARGETED_DEVICE_FAMILY = "1,2";
				TEST_HOST = "$(BUILT_PRODUCTS_DIR)/showAppEcom.app/$(BUNDLE_EXECUTABLE_FOLDER_PATH)/showAppEcom";
			};
			name = Release;
		};
		5063AE572E02A5BB009919BB /* Debug */ = {
			isa = XCBuildConfiguration;
			buildSettings = {
				ALWAYS_EMBED_SWIFT_STANDARD_LIBRARIES = YES;
				CODE_SIGN_STYLE = Automatic;
				CURRENT_PROJECT_VERSION = 1;
				DEVELOPMENT_TEAM = ZMY54M5YWT;
				GENERATE_INFOPLIST_FILE = YES;
				IPHONEOS_DEPLOYMENT_TARGET = 16.4;
				MACOSX_DEPLOYMENT_TARGET = 13.2;
				MARKETING_VERSION = 1.0;
				PRODUCT_BUNDLE_IDENTIFIER = com.taimoor.showAppEcomUITests;
				PRODUCT_NAME = "$(TARGET_NAME)";
				SDKROOT = auto;
				SUPPORTED_PLATFORMS = "iphoneos iphonesimulator macosx";
				SWIFT_EMIT_LOC_STRINGS = NO;
				SWIFT_VERSION = 5.0;
				TARGETED_DEVICE_FAMILY = "1,2";
				TEST_TARGET_NAME = showAppEcom;
			};
			name = Debug;
		};
		5063AE582E02A5BB009919BB /* Release */ = {
			isa = XCBuildConfiguration;
			buildSettings = {
				ALWAYS_EMBED_SWIFT_STANDARD_LIBRARIES = YES;
				CODE_SIGN_STYLE = Automatic;
				CURRENT_PROJECT_VERSION = 1;
				DEVELOPMENT_TEAM = ZMY54M5YWT;
				GENERATE_INFOPLIST_FILE = YES;
				IPHONEOS_DEPLOYMENT_TARGET = 16.4;
				MACOSX_DEPLOYMENT_TARGET = 13.2;
				MARKETING_VERSION = 1.0;
				PRODUCT_BUNDLE_IDENTIFIER = com.taimoor.showAppEcomUITests;
				PRODUCT_NAME = "$(TARGET_NAME)";
				SDKROOT = auto;
				SUPPORTED_PLATFORMS = "iphoneos iphonesimulator macosx";
				SWIFT_EMIT_LOC_STRINGS = NO;
				SWIFT_VERSION = 5.0;
				TARGETED_DEVICE_FAMILY = "1,2";
				TEST_TARGET_NAME = showAppEcom;
			};
			name = Release;
		};
/* End XCBuildConfiguration section */

/* Begin XCConfigurationList section */
		5063AE262E02A5BA009919BB /* Build configuration list for PBXProject "showAppEcom" */ = {
			isa = XCConfigurationList;
			buildConfigurations = (
				5063AE4E2E02A5BB009919BB /* Debug */,
				5063AE4F2E02A5BB009919BB /* Release */,
			);
			defaultConfigurationIsVisible = 0;
			defaultConfigurationName = Release;
		};
		5063AE502E02A5BB009919BB /* Build configuration list for PBXNativeTarget "showAppEcom" */ = {
			isa = XCConfigurationList;
			buildConfigurations = (
				5063AE512E02A5BB009919BB /* Debug */,
				5063AE522E02A5BB009919BB /* Release */,
			);
			defaultConfigurationIsVisible = 0;
			defaultConfigurationName = Release;
		};
		5063AE532E02A5BB009919BB /* Build configuration list for PBXNativeTarget "showAppEcomTests" */ = {
			isa = XCConfigurationList;
			buildConfigurations = (
				5063AE542E02A5BB009919BB /* Debug */,
				5063AE552E02A5BB009919BB /* Release */,
			);
			defaultConfigurationIsVisible = 0;
			defaultConfigurationName = Release;
		};
		5063AE562E02A5BB009919BB /* Build configuration list for PBXNativeTarget "showAppEcomUITests" */ = {
			isa = XCConfigurationList;
			buildConfigurations = (
				5063AE572E02A5BB009919BB /* Debug */,
				5063AE582E02A5BB009919BB /* Release */,
			);
			defaultConfigurationIsVisible = 0;
			defaultConfigurationName = Release;
		};
/* End XCConfigurationList section */
	};
	rootObject = 5063AE232E02A5BA009919BB /* Project object */;
}
